
Microsoft Visual Studio Solution File, Format Version 12.00
# Visual Studio Version 16
VisualStudioVersion = 16.0.31019.35
MinimumVisualStudioVersion = 10.0.40219.1
Project("{9A19103F-16F7-4668-BE54-9A1E7A4F7556}") = "rocky", "Rocky_App\rocky.csproj", "{2539C6FA-120E-406F-A2CB-80CB5C0E12CF}"
EndProject
Project("{9A19103F-16F7-4668-BE54-9A1E7A4F7556}") = "Rocky_DataAccess", "Rocky_DataAccess\Rocky_DataAccess.csproj", "{92C45DA5-BD88-44E5-9402-24B44219EA76}"
EndProject
Project("{9A19103F-16F7-4668-BE54-9A1E7A4F7556}") = "Rocky_Models", "Rocky_Models\Rocky_Models.csproj", "{FFEF2BAD-6BF1-4E9F-B231-E13CBBB59960}"
EndProject
Project("{9A19103F-16F7-4668-BE54-9A1E7A4F7556}") = "Rocky_Utility", "Rocky_Utility\Rocky_Utility.csproj", "{4AA3AA79-8F67-4E84-836B-8DA6A8DD4360}"
EndProject
Global
	GlobalSection(SolutionConfigurationPlatforms) = preSolution
		Debug|Any CPU = Debug|Any CPU
		Release|Any CPU = Release|Any CPU
	EndGlobalSection
	GlobalSection(ProjectConfigurationPlatforms) = postSolution
		{2539C6FA-120E-406F-A2CB-80CB5C0E12CF}.Debug|Any CPU.ActiveCfg = Debug|Any CPU
		{2539C6FA-120E-406F-A2CB-80CB5C0E12CF}.Debug|Any CPU.Build.0 = Debug|Any CPU
		{2539C6FA-120E-406F-A2CB-80CB5C0E12CF}.Release|Any CPU.ActiveCfg = Release|Any CPU
		{2539C6FA-120E-406F-A2CB-80CB5C0E12CF}.Release|Any CPU.Build.0 = Release|Any CPU
		{92C45DA5-BD88-44E5-9402-24B44219EA76}.Debug|Any CPU.ActiveCfg = Debug|Any CPU
		{92C45DA5-BD88-44E5-9402-24B44219EA76}.Debug|Any CPU.Build.0 = Debug|Any CPU
		{92C45DA5-BD88-44E5-9402-24B44219EA76}.Release|Any CPU.ActiveCfg = Release|Any CPU
		{92C45DA5-BD88-44E5-9402-24B44219EA76}.Release|Any CPU.Build.0 = Release|Any CPU
		{FFEF2BAD-6BF1-4E9F-B231-E13CBBB59960}.Debug|Any CPU.ActiveCfg = Debug|Any CPU
		{FFEF2BAD-6BF1-4E9F-B231-E13CBBB59960}.Debug|Any CPU.Build.0 = Debug|Any CPU
		{FFEF2BAD-6BF1-4E9F-B231-E13CBBB59960}.Release|Any CPU.ActiveCfg = Release|Any CPU
		{FFEF2BAD-6BF1-4E9F-B231-E13CBBB59960}.Release|Any CPU.Build.0 = Release|Any CPU
		{4AA3AA79-8F67-4E84-836B-8DA6A8DD4360}.Debug|Any CPU.ActiveCfg = Debug|Any CPU
		{4AA3AA79-8F67-4E84-836B-8DA6A8DD4360}.Debug|Any CPU.Build.0 = Debug|Any CPU
		{4AA3AA79-8F67-4E84-836B-8DA6A8DD4360}.Release|Any CPU.ActiveCfg = Release|Any CPU
		{4AA3AA79-8F67-4E84-836B-8DA6A8DD4360}.Release|Any CPU.Build.0 = Release|Any CPU
	EndGlobalSection
	GlobalSection(SolutionProperties) = preSolution
		HideSolutionNode = FALSE
	EndGlobalSection
	GlobalSection(ExtensibilityGlobals) = postSolution
		SolutionGuid = {59061708-2635-4243-AA2A-A2693A56613B}
	EndGlobalSection
EndGlobal
